
Microsoft Visual Studio Solution File, Format Version 12.00
# Visual Studio Version 17
VisualStudioVersion = 17.0.31903.59
MinimumVisualStudioVersion = 10.0.40219.1
Project("{2150E333-8FDC-42A3-9474-1A3956D46DE8}") = "src", "src", "{827E0CD3-B72D-47B6-A68D-7590B98EB39B}"
EndProject
Project("{FAE04EC0-301F-11D3-BF4B-00C04F79EFBC}") = "TodoAI.Domain", "src\TodoAI.Domain\TodoAI.Domain.csproj", "{C7DDD532-7841-462A-82E3-623565C01621}"
EndProject
Project("{FAE04EC0-301F-11D3-BF4B-00C04F79EFBC}") = "TodoAI.Application", "src\TodoAI.Application\TodoAI.Application.csproj", "{4BED7112-036A-4647-A458-B22500489464}"
EndProject
Project("{FAE04EC0-301F-11D3-BF4B-00C04F79EFBC}") = "TodoAI.Infrastructure", "src\TodoAI.Infrastructure\TodoAI.Infrastructure.csproj", "{CE7D2DF3-D076-436C-81EC-382CBF054E53}"
EndProject
Project("{FAE04EC0-301F-11D3-BF4B-00C04F79EFBC}") = "TodoAI.Api", "src\TodoAI.Api\TodoAI.Api.csproj", "{2399A335-06B0-4171-8B37-ADC4A033DD7F}"
EndProject
Project("{2150E333-8FDC-42A3-9474-1A3956D46DE8}") = "tests", "tests", "{0AB3BF05-4346-4AA6-1389-037BE0695223}"
EndProject
Project("{FAE04EC0-301F-11D3-BF4B-00C04F79EFBC}") = "TodoAI.Domain.Tests", "tests\TodoAI.Domain.Tests\TodoAI.Domain.Tests.csproj", "{9CC5DFD5-9E65-46B9-A3D6-454E4DF5A2B4}"
EndProject
Project("{FAE04EC0-301F-11D3-BF4B-00C04F79EFBC}") = "TodoAI.Application.Tests", "tests\TodoAI.Application.Tests\TodoAI.Application.Tests.csproj", "{97BCD09B-DF9D-41AD-BC6D-F6C91251CFB8}"
EndProject
Project("{FAE04EC0-301F-11D3-BF4B-00C04F79EFBC}") = "TodoAI.Infrastructure.Tests", "tests\TodoAI.Infrastructure.Tests\TodoAI.Infrastructure.Tests.csproj", "{09C24CD4-E9CC-49DF-9EDF-FC1207E53AA0}"
EndProject
Project("{FAE04EC0-301F-11D3-BF4B-00C04F79EFBC}") = "TodoAI.Api.Tests", "tests\TodoAI.Api.Tests\TodoAI.Api.Tests.csproj", "{4B6F17B1-0FA1-4B54-B986-6062C128D021}"
EndProject
Global
	GlobalSection(SolutionConfigurationPlatforms) = preSolution
		Debug|Any CPU = Debug|Any CPU
		Debug|x64 = Debug|x64
		Debug|x86 = Debug|x86
		Release|Any CPU = Release|Any CPU
		Release|x64 = Release|x64
		Release|x86 = Release|x86
	EndGlobalSection
	GlobalSection(ProjectConfigurationPlatforms) = postSolution
		{C7DDD532-7841-462A-82E3-623565C01621}.Debug|Any CPU.ActiveCfg = Debug|Any CPU
		{C7DDD532-7841-462A-82E3-623565C01621}.Debug|Any CPU.Build.0 = Debug|Any CPU
		{C7DDD532-7841-462A-82E3-623565C01621}.Debug|x64.ActiveCfg = Debug|Any CPU
		{C7DDD532-7841-462A-82E3-623565C01621}.Debug|x64.Build.0 = Debug|Any CPU
		{C7DDD532-7841-462A-82E3-623565C01621}.Debug|x86.ActiveCfg = Debug|Any CPU
		{C7DDD532-7841-462A-82E3-623565C01621}.Debug|x86.Build.0 = Debug|Any CPU
		{C7DDD532-7841-462A-82E3-623565C01621}.Release|Any CPU.ActiveCfg = Release|Any CPU
		{C7DDD532-7841-462A-82E3-623565C01621}.Release|Any CPU.Build.0 = Release|Any CPU
		{C7DDD532-7841-462A-82E3-623565C01621}.Release|x64.ActiveCfg = Release|Any CPU
		{C7DDD532-7841-462A-82E3-623565C01621}.Release|x64.Build.0 = Release|Any CPU
		{C7DDD532-7841-462A-82E3-623565C01621}.Release|x86.ActiveCfg = Release|Any CPU
		{C7DDD532-7841-462A-82E3-623565C01621}.Release|x86.Build.0 = Release|Any CPU
		{4BED7112-036A-4647-A458-B22500489464}.Debug|Any CPU.ActiveCfg = Debug|Any CPU
		{4BED7112-036A-4647-A458-B22500489464}.Debug|Any CPU.Build.0 = Debug|Any CPU
		{4BED7112-036A-4647-A458-B22500489464}.Debug|x64.ActiveCfg = Debug|Any CPU
		{4BED7112-036A-4647-A458-B22500489464}.Debug|x64.Build.0 = Debug|Any CPU
		{4BED7112-036A-4647-A458-B22500489464}.Debug|x86.ActiveCfg = Debug|Any CPU
		{4BED7112-036A-4647-A458-B22500489464}.Debug|x86.Build.0 = Debug|Any CPU
		{4BED7112-036A-4647-A458-B22500489464}.Release|Any CPU.ActiveCfg = Release|Any CPU
		{4BED7112-036A-4647-A458-B22500489464}.Release|Any CPU.Build.0 = Release|Any CPU
		{4BED7112-036A-4647-A458-B22500489464}.Release|x64.ActiveCfg = Release|Any CPU
		{4BED7112-036A-4647-A458-B22500489464}.Release|x64.Build.0 = Release|Any CPU
		{4BED7112-036A-4647-A458-B22500489464}.Release|x86.ActiveCfg = Release|Any CPU
		{4BED7112-036A-4647-A458-B22500489464}.Release|x86.Build.0 = Release|Any CPU
		{CE7D2DF3-D076-436C-81EC-382CBF054E53}.Debug|Any CPU.ActiveCfg = Debug|Any CPU
		{CE7D2DF3-D076-436C-81EC-382CBF054E53}.Debug|Any CPU.Build.0 = Debug|Any CPU
		{CE7D2DF3-D076-436C-81EC-382CBF054E53}.Debug|x64.ActiveCfg = Debug|Any CPU
		{CE7D2DF3-D076-436C-81EC-382CBF054E53}.Debug|x64.Build.0 = Debug|Any CPU
		{CE7D2DF3-D076-436C-81EC-382CBF054E53}.Debug|x86.ActiveCfg = Debug|Any CPU
		{CE7D2DF3-D076-436C-81EC-382CBF054E53}.Debug|x86.Build.0 = Debug|Any CPU
		{CE7D2DF3-D076-436C-81EC-382CBF054E53}.Release|Any CPU.ActiveCfg = Release|Any CPU
		{CE7D2DF3-D076-436C-81EC-382CBF054E53}.Release|Any CPU.Build.0 = Release|Any CPU
		{CE7D2DF3-D076-436C-81EC-382CBF054E53}.Release|x64.ActiveCfg = Release|Any CPU
		{CE7D2DF3-D076-436C-81EC-382CBF054E53}.Release|x64.Build.0 = Release|Any CPU
		{CE7D2DF3-D076-436C-81EC-382CBF054E53}.Release|x86.ActiveCfg = Release|Any CPU
		{CE7D2DF3-D076-436C-81EC-382CBF054E53}.Release|x86.Build.0 = Release|Any CPU
		{2399A335-06B0-4171-8B37-ADC4A033DD7F}.Debug|Any CPU.ActiveCfg = Debug|Any CPU
		{2399A335-06B0-4171-8B37-ADC4A033DD7F}.Debug|Any CPU.Build.0 = Debug|Any CPU
		{2399A335-06B0-4171-8B37-ADC4A033DD7F}.Debug|x64.ActiveCfg = Debug|Any CPU
		{2399A335-06B0-4171-8B37-ADC4A033DD7F}.Debug|x64.Build.0 = Debug|Any CPU
		{2399A335-06B0-4171-8B37-ADC4A033DD7F}.Debug|x86.ActiveCfg = Debug|Any CPU
		{2399A335-06B0-4171-8B37-ADC4A033DD7F}.Debug|x86.Build.0 = Debug|Any CPU
		{2399A335-06B0-4171-8B37-ADC4A033DD7F}.Release|Any CPU.ActiveCfg = Release|Any CPU
		{2399A335-06B0-4171-8B37-ADC4A033DD7F}.Release|Any CPU.Build.0 = Release|Any CPU
		{2399A335-06B0-4171-8B37-ADC4A033DD7F}.Release|x64.ActiveCfg = Release|Any CPU
		{2399A335-06B0-4171-8B37-ADC4A033DD7F}.Release|x64.Build.0 = Release|Any CPU
		{2399A335-06B0-4171-8B37-ADC4A033DD7F}.Release|x86.ActiveCfg = Release|Any CPU
		{2399A335-06B0-4171-8B37-ADC4A033DD7F}.Release|x86.Build.0 = Release|Any CPU
		{9CC5DFD5-9E65-46B9-A3D6-454E4DF5A2B4}.Debug|Any CPU.ActiveCfg = Debug|Any CPU
		{9CC5DFD5-9E65-46B9-A3D6-454E4DF5A2B4}.Debug|Any CPU.Build.0 = Debug|Any CPU
		{9CC5DFD5-9E65-46B9-A3D6-454E4DF5A2B4}.Debug|x64.ActiveCfg = Debug|Any CPU
		{9CC5DFD5-9E65-46B9-A3D6-454E4DF5A2B4}.Debug|x64.Build.0 = Debug|Any CPU
		{9CC5DFD5-9E65-46B9-A3D6-454E4DF5A2B4}.Debug|x86.ActiveCfg = Debug|Any CPU
		{9CC5DFD5-9E65-46B9-A3D6-454E4DF5A2B4}.Debug|x86.Build.0 = Debug|Any CPU
		{9CC5DFD5-9E65-46B9-A3D6-454E4DF5A2B4}.Release|Any CPU.ActiveCfg = Release|Any CPU
		{9CC5DFD5-9E65-46B9-A3D6-454E4DF5A2B4}.Release|Any CPU.Build.0 = Release|Any CPU
		{9CC5DFD5-9E65-46B9-A3D6-454E4DF5A2B4}.Release|x64.ActiveCfg = Release|Any CPU
		{9CC5DFD5-9E65-46B9-A3D6-454E4DF5A2B4}.Release|x64.Build.0 = Release|Any CPU
		{9CC5DFD5-9E65-46B9-A3D6-454E4DF5A2B4}.Release|x86.ActiveCfg = Release|Any CPU
		{9CC5DFD5-9E65-46B9-A3D6-454E4DF5A2B4}.Release|x86.Build.0 = Release|Any CPU
		{97BCD09B-DF9D-41AD-BC6D-F6C91251CFB8}.Debug|Any CPU.ActiveCfg = Debug|Any CPU
		{97BCD09B-DF9D-41AD-BC6D-F6C91251CFB8}.Debug|Any CPU.Build.0 = Debug|Any CPU
		{97BCD09B-DF9D-41AD-BC6D-F6C91251CFB8}.Debug|x64.ActiveCfg = Debug|Any CPU
		{97BCD09B-DF9D-41AD-BC6D-F6C91251CFB8}.Debug|x64.Build.0 = Debug|Any CPU
		{97BCD09B-DF9D-41AD-BC6D-F6C91251CFB8}.Debug|x86.ActiveCfg = Debug|Any CPU
		{97BCD09B-DF9D-41AD-BC6D-F6C91251CFB8}.Debug|x86.Build.0 = Debug|Any CPU
		{97BCD09B-DF9D-41AD-BC6D-F6C91251CFB8}.Release|Any CPU.ActiveCfg = Release|Any CPU
		{97BCD09B-DF9D-41AD-BC6D-F6C91251CFB8}.Release|Any CPU.Build.0 = Release|Any CPU
		{97BCD09B-DF9D-41AD-BC6D-F6C91251CFB8}.Release|x64.ActiveCfg = Release|Any CPU
		{97BCD09B-DF9D-41AD-BC6D-F6C91251CFB8}.Release|x64.Build.0 = Release|Any CPU
		{97BCD09B-DF9D-41AD-BC6D-F6C91251CFB8}.Release|x86.ActiveCfg = Release|Any CPU
		{97BCD09B-DF9D-41AD-BC6D-F6C91251CFB8}.Release|x86.Build.0 = Release|Any CPU
		{09C24CD4-E9CC-49DF-9EDF-FC1207E53AA0}.Debug|Any CPU.ActiveCfg = Debug|Any CPU
		{09C24CD4-E9CC-49DF-9EDF-FC1207E53AA0}.Debug|Any CPU.Build.0 = Debug|Any CPU
		{09C24CD4-E9CC-49DF-9EDF-FC1207E53AA0}.Debug|x64.ActiveCfg = Debug|Any CPU
		{09C24CD4-E9CC-49DF-9EDF-FC1207E53AA0}.Debug|x64.Build.0 = Debug|Any CPU
		{09C24CD4-E9CC-49DF-9EDF-FC1207E53AA0}.Debug|x86.ActiveCfg = Debug|Any CPU
		{09C24CD4-E9CC-49DF-9EDF-FC1207E53AA0}.Debug|x86.Build.0 = Debug|Any CPU
		{09C24CD4-E9CC-49DF-9EDF-FC1207E53AA0}.Release|Any CPU.ActiveCfg = Release|Any CPU
		{09C24CD4-E9CC-49DF-9EDF-FC1207E53AA0}.Release|Any CPU.Build.0 = Release|Any CPU
		{09C24CD4-E9CC-49DF-9EDF-FC1207E53AA0}.Release|x64.ActiveCfg = Release|Any CPU
		{09C24CD4-E9CC-49DF-9EDF-FC1207E53AA0}.Release|x64.Build.0 = Release|Any CPU
		{09C24CD4-E9CC-49DF-9EDF-FC1207E53AA0}.Release|x86.ActiveCfg = Release|Any CPU
		{09C24CD4-E9CC-49DF-9EDF-FC1207E53AA0}.Release|x86.Build.0 = Release|Any CPU
		{4B6F17B1-0FA1-4B54-B986-6062C128D021}.Debug|Any CPU.ActiveCfg = Debug|Any CPU
		{4B6F17B1-0FA1-4B54-B986-6062C128D021}.Debug|Any CPU.Build.0 = Debug|Any CPU
		{4B6F17B1-0FA1-4B54-B986-6062C128D021}.Debug|x64.ActiveCfg = Debug|Any CPU
		{4B6F17B1-0FA1-4B54-B986-6062C128D021}.Debug|x64.Build.0 = Debug|Any CPU
		{4B6F17B1-0FA1-4B54-B986-6062C128D021}.Debug|x86.ActiveCfg = Debug|Any CPU
		{4B6F17B1-0FA1-4B54-B986-6062C128D021}.Debug|x86.Build.0 = Debug|Any CPU
		{4B6F17B1-0FA1-4B54-B986-6062C128D021}.Release|Any CPU.ActiveCfg = Release|Any CPU
		{4B6F17B1-0FA1-4B54-B986-6062C128D021}.Release|Any CPU.Build.0 = Release|Any CPU
		{4B6F17B1-0FA1-4B54-B986-6062C128D021}.Release|x64.ActiveCfg = Release|Any CPU
		{4B6F17B1-0FA1-4B54-B986-6062C128D021}.Release|x64.Build.0 = Release|Any CPU
		{4B6F17B1-0FA1-4B54-B986-6062C128D021}.Release|x86.ActiveCfg = Release|Any CPU
		{4B6F17B1-0FA1-4B54-B986-6062C128D021}.Release|x86.Build.0 = Release|Any CPU
	EndGlobalSection
	GlobalSection(SolutionProperties) = preSolution
		HideSolutionNode = FALSE
	EndGlobalSection
	GlobalSection(NestedProjects) = preSolution
		{C7DDD532-7841-462A-82E3-623565C01621} = {827E0CD3-B72D-47B6-A68D-7590B98EB39B}
		{4BED7112-036A-4647-A458-B22500489464} = {827E0CD3-B72D-47B6-A68D-7590B98EB39B}
		{CE7D2DF3-D076-436C-81EC-382CBF054E53} = {827E0CD3-B72D-47B6-A68D-7590B98EB39B}
		{2399A335-06B0-4171-8B37-ADC4A033DD7F} = {827E0CD3-B72D-47B6-A68D-7590B98EB39B}
		{9CC5DFD5-9E65-46B9-A3D6-454E4DF5A2B4} = {0AB3BF05-4346-4AA6-1389-037BE0695223}
		{97BCD09B-DF9D-41AD-BC6D-F6C91251CFB8} = {0AB3BF05-4346-4AA6-1389-037BE0695223}
		{09C24CD4-E9CC-49DF-9EDF-FC1207E53AA0} = {0AB3BF05-4346-4AA6-1389-037BE0695223}
		{4B6F17B1-0FA1-4B54-B986-6062C128D021} = {0AB3BF05-4346-4AA6-1389-037BE0695223}
	EndGlobalSection
EndGlobal
